
Microsoft Visual Studio Solution File, Format Version 12.00
# Visual Studio Version 16
VisualStudioVersion = 16.0.30611.23
MinimumVisualStudioVersion = 10.0.40219.1
Project("{FAE04EC0-301F-11D3-BF4B-00C04F79EFBC}") = "XamarinAuth", "XamarinAuth.csproj", "{6C0DB607-4D11-4B47-B1F5-5847D9542D0B}"
EndProject
Global
	GlobalSection(SolutionConfigurationPlatforms) = preSolution
		Debug|Any CPU = Debug|Any CPU
		Release|Any CPU = Release|Any CPU
	EndGlobalSection
	GlobalSection(ProjectConfigurationPlatforms) = postSolution
		{6C0DB607-4D11-4B47-B1F5-5847D9542D0B}.Debug|Any CPU.ActiveCfg = Debug|Any CPU
		{6C0DB607-4D11-4B47-B1F5-5847D9542D0B}.Debug|Any CPU.Build.0 = Debug|Any CPU
		{6C0DB607-4D11-4B47-B1F5-5847D9542D0B}.Debug|Any CPU.Deploy.0 = Debug|Any CPU
		{6C0DB607-4D11-4B47-B1F5-5847D9542D0B}.Release|Any CPU.ActiveCfg = Release|Any CPU
		{6C0DB607-4D11-4B47-B1F5-5847D9542D0B}.Release|Any CPU.Build.0 = Release|Any CPU
		{6C0DB607-4D11-4B47-B1F5-5847D9542D0B}.Release|Any CPU.Deploy.0 = Release|Any CPU
	EndGlobalSection
	GlobalSection(SolutionProperties) = preSolution
		HideSolutionNode = FALSE
	EndGlobalSection
	GlobalSection(ExtensibilityGlobals) = postSolution
		SolutionGuid = {A4F56E47-9396-4F79-822F-03BC96E84056}
	EndGlobalSection
EndGlobal
